// !$*UTF8*$!
{
	archiveVersion = 1;
	classes = {
	};
	objectVersion = 48;
	objects = {

/* Begin PBXBuildFile section */
		0278570B200E6687000BD59A /* HelpManager.swift in Sources */ = {isa = PBXBuildFile; fileRef = 0278570A200E6687000BD59A /* HelpManager.swift */; };
		028131642068845700F6AA19 /* GoogleService-Info.plist in Resources */ = {isa = PBXBuildFile; fileRef = 028131632068845700F6AA19 /* GoogleService-Info.plist */; };
		028A164C1FFD93B500E0DBAC /* WeatherDetailTableViewCell.swift in Sources */ = {isa = PBXBuildFile; fileRef = 028A164B1FFD93B500E0DBAC /* WeatherDetailTableViewCell.swift */; };
		02DEFD501FF55E9F00A890C4 /* AppDelegate.swift in Sources */ = {isa = PBXBuildFile; fileRef = 02DEFD4F1FF55E9F00A890C4 /* AppDelegate.swift */; };
		02DEFD521FF55E9F00A890C4 /* MainMapViewController.swift in Sources */ = {isa = PBXBuildFile; fileRef = 02DEFD511FF55E9F00A890C4 /* MainMapViewController.swift */; };
		02DEFD551FF55E9F00A890C4 /* Main.storyboard in Resources */ = {isa = PBXBuildFile; fileRef = 02DEFD531FF55E9F00A890C4 /* Main.storyboard */; };
		02DEFD5A1FF55E9F00A890C4 /* Assets.xcassets in Resources */ = {isa = PBXBuildFile; fileRef = 02DEFD591FF55E9F00A890C4 /* Assets.xcassets */; };
		02DEFD5D1FF55E9F00A890C4 /* LaunchScreen.storyboard in Resources */ = {isa = PBXBuildFile; fileRef = 02DEFD5B1FF55E9F00A890C4 /* LaunchScreen.storyboard */; };
		02DEFD681FF55E9F00A890C4 /* WeatherCheckTests.swift in Sources */ = {isa = PBXBuildFile; fileRef = 02DEFD671FF55E9F00A890C4 /* WeatherCheckTests.swift */; };
		02DEFD731FF55E9F00A890C4 /* WeatherCheckUITests.swift in Sources */ = {isa = PBXBuildFile; fileRef = 02DEFD721FF55E9F00A890C4 /* WeatherCheckUITests.swift */; };
		02DEFD871FF5A0A700A890C4 /* APIHandler.swift in Sources */ = {isa = PBXBuildFile; fileRef = 02DEFD861FF5A0A700A890C4 /* APIHandler.swift */; };
		02DEFD8B1FF5B3B400A890C4 /* WeatherData.swift in Sources */ = {isa = PBXBuildFile; fileRef = 02DEFD8A1FF5B3B400A890C4 /* WeatherData.swift */; };
		02FA5D882075911F002B511D /* Extensions.swift in Sources */ = {isa = PBXBuildFile; fileRef = 02FA5D872075911F002B511D /* Extensions.swift */; };
/* End PBXBuildFile section */

/* Begin PBXContainerItemProxy section */
		02DEFD641FF55E9F00A890C4 /* PBXContainerItemProxy */ = {
			isa = PBXContainerItemProxy;
			containerPortal = 02DEFD441FF55E9F00A890C4 /* Project object */;
			proxyType = 1;
			remoteGlobalIDString = 02DEFD4B1FF55E9F00A890C4;
			remoteInfo = WeatherCheck;
		};
		02DEFD6F1FF55E9F00A890C4 /* PBXContainerItemProxy */ = {
			isa = PBXContainerItemProxy;
			containerPortal = 02DEFD441FF55E9F00A890C4 /* Project object */;
			proxyType = 1;
			remoteGlobalIDString = 02DEFD4B1FF55E9F00A890C4;
			remoteInfo = WeatherCheck;
		};
/* End PBXContainerItemProxy section */

/* Begin PBXFileReference section */
		0278570A200E6687000BD59A /* HelpManager.swift */ = {isa = PBXFileReference; lastKnownFileType = sourcecode.swift; path = HelpManager.swift; sourceTree = "<group>"; };
		028131632068845700F6AA19 /* GoogleService-Info.plist */ = {isa = PBXFileReference; fileEncoding = 4; lastKnownFileType = text.plist.xml; path = "GoogleService-Info.plist"; sourceTree = "<group>"; };
		028A164B1FFD93B500E0DBAC /* WeatherDetailTableViewCell.swift */ = {isa = PBXFileReference; lastKnownFileType = sourcecode.swift; path = WeatherDetailTableViewCell.swift; sourceTree = "<group>"; };
		02DEFD4C1FF55E9F00A890C4 /* WeatherCheck.app */ = {isa = PBXFileReference; explicitFileType = wrapper.application; includeInIndex = 0; path = WeatherCheck.app; sourceTree = BUILT_PRODUCTS_DIR; };
		02DEFD4F1FF55E9F00A890C4 /* AppDelegate.swift */ = {isa = PBXFileReference; lastKnownFileType = sourcecode.swift; path = AppDelegate.swift; sourceTree = "<group>"; };
		02DEFD511FF55E9F00A890C4 /* MainMapViewController.swift */ = {isa = PBXFileReference; lastKnownFileType = sourcecode.swift; path = MainMapViewController.swift; sourceTree = "<group>"; };
		02DEFD541FF55E9F00A890C4 /* Base */ = {isa = PBXFileReference; lastKnownFileType = file.storyboard; name = Base; path = Base.lproj/Main.storyboard; sourceTree = "<group>"; };
		02DEFD591FF55E9F00A890C4 /* Assets.xcassets */ = {isa = PBXFileReference; lastKnownFileType = folder.assetcatalog; path = Assets.xcassets; sourceTree = "<group>"; };
		02DEFD5C1FF55E9F00A890C4 /* Base */ = {isa = PBXFileReference; lastKnownFileType = file.storyboard; name = Base; path = Base.lproj/LaunchScreen.storyboard; sourceTree = "<group>"; };
		02DEFD5E1FF55E9F00A890C4 /* Info.plist */ = {isa = PBXFileReference; lastKnownFileType = text.plist.xml; path = Info.plist; sourceTree = "<group>"; };
		02DEFD631FF55E9F00A890C4 /* WeatherCheckTests.xctest */ = {isa = PBXFileReference; explicitFileType = wrapper.cfbundle; includeInIndex = 0; path = WeatherCheckTests.xctest; sourceTree = BUILT_PRODUCTS_DIR; };
		02DEFD671FF55E9F00A890C4 /* WeatherCheckTests.swift */ = {isa = PBXFileReference; lastKnownFileType = sourcecode.swift; path = WeatherCheckTests.swift; sourceTree = "<group>"; };
		02DEFD691FF55E9F00A890C4 /* Info.plist */ = {isa = PBXFileReference; lastKnownFileType = text.plist.xml; path = Info.plist; sourceTree = "<group>"; };
		02DEFD6E1FF55E9F00A890C4 /* WeatherCheckUITests.xctest */ = {isa = PBXFileReference; explicitFileType = wrapper.cfbundle; includeInIndex = 0; path = WeatherCheckUITests.xctest; sourceTree = BUILT_PRODUCTS_DIR; };
		02DEFD721FF55E9F00A890C4 /* WeatherCheckUITests.swift */ = {isa = PBXFileReference; lastKnownFileType = sourcecode.swift; path = WeatherCheckUITests.swift; sourceTree = "<group>"; };
		02DEFD741FF55E9F00A890C4 /* Info.plist */ = {isa = PBXFileReference; lastKnownFileType = text.plist.xml; path = Info.plist; sourceTree = "<group>"; };
		02DEFD861FF5A0A700A890C4 /* APIHandler.swift */ = {isa = PBXFileReference; lastKnownFileType = sourcecode.swift; path = APIHandler.swift; sourceTree = "<group>"; };
		02DEFD8A1FF5B3B400A890C4 /* WeatherData.swift */ = {isa = PBXFileReference; lastKnownFileType = sourcecode.swift; path = WeatherData.swift; sourceTree = "<group>"; };
		02FA5D872075911F002B511D /* Extensions.swift */ = {isa = PBXFileReference; lastKnownFileType = sourcecode.swift; path = Extensions.swift; sourceTree = "<group>"; };
/* End PBXFileReference section */

/* Begin PBXFrameworksBuildPhase section */
		02DEFD491FF55E9F00A890C4 /* Frameworks */ = {
			isa = PBXFrameworksBuildPhase;
			buildActionMask = 2147483647;
			files = (
			);
			runOnlyForDeploymentPostprocessing = 0;
		};
		02DEFD601FF55E9F00A890C4 /* Frameworks */ = {
			isa = PBXFrameworksBuildPhase;
			buildActionMask = 2147483647;
			files = (
			);
			runOnlyForDeploymentPostprocessing = 0;
		};
		02DEFD6B1FF55E9F00A890C4 /* Frameworks */ = {
			isa = PBXFrameworksBuildPhase;
			buildActionMask = 2147483647;
			files = (
			);
			runOnlyForDeploymentPostprocessing = 0;
		};
/* End PBXFrameworksBuildPhase section */

/* Begin PBXGroup section */
		02785709200E6665000BD59A /* HelperFunctions */ = {
			isa = PBXGroup;
			children = (
				0278570A200E6687000BD59A /* HelpManager.swift */,
				02FA5D872075911F002B511D /* Extensions.swift */,
			);
			path = HelperFunctions;
			sourceTree = "<group>";
		};
		028A164A1FFD939300E0DBAC /* View */ = {
			isa = PBXGroup;
			children = (
				028A164B1FFD93B500E0DBAC /* WeatherDetailTableViewCell.swift */,
			);
			path = View;
			sourceTree = "<group>";
		};
		02DEFD431FF55E9F00A890C4 = {
			isa = PBXGroup;
			children = (
				02DEFD4E1FF55E9F00A890C4 /* WeatherCheck */,
				02DEFD661FF55E9F00A890C4 /* WeatherCheckTests */,
				02DEFD711FF55E9F00A890C4 /* WeatherCheckUITests */,
				02DEFD4D1FF55E9F00A890C4 /* Products */,
			);
			sourceTree = "<group>";
		};
		02DEFD4D1FF55E9F00A890C4 /* Products */ = {
			isa = PBXGroup;
			children = (
				02DEFD4C1FF55E9F00A890C4 /* WeatherCheck.app */,
				02DEFD631FF55E9F00A890C4 /* WeatherCheckTests.xctest */,
				02DEFD6E1FF55E9F00A890C4 /* WeatherCheckUITests.xctest */,
			);
			name = Products;
			sourceTree = "<group>";
		};
		02DEFD4E1FF55E9F00A890C4 /* WeatherCheck */ = {
			isa = PBXGroup;
			children = (
				02DEFD4F1FF55E9F00A890C4 /* AppDelegate.swift */,
				028131632068845700F6AA19 /* GoogleService-Info.plist */,
				02DEFD5E1FF55E9F00A890C4 /* Info.plist */,
				02DEFD591FF55E9F00A890C4 /* Assets.xcassets */,
				02DEFD851FF5A08600A890C4 /* APIKit */,
				02785709200E6665000BD59A /* HelperFunctions */,
				02DEFD821FF560E100A890C4 /* Controller */,
				02DEFD891FF5B3A100A890C4 /* Model */,
				028A164A1FFD939300E0DBAC /* View */,
				02DEFD881FF5AC4900A890C4 /* Other */,
			);
			path = WeatherCheck;
			sourceTree = "<group>";
		};
		02DEFD661FF55E9F00A890C4 /* WeatherCheckTests */ = {
			isa = PBXGroup;
			children = (
				02DEFD671FF55E9F00A890C4 /* WeatherCheckTests.swift */,
				02DEFD691FF55E9F00A890C4 /* Info.plist */,
			);
			path = WeatherCheckTests;
			sourceTree = "<group>";
		};
		02DEFD711FF55E9F00A890C4 /* WeatherCheckUITests */ = {
			isa = PBXGroup;
			children = (
				02DEFD721FF55E9F00A890C4 /* WeatherCheckUITests.swift */,
				02DEFD741FF55E9F00A890C4 /* Info.plist */,
			);
			path = WeatherCheckUITests;
			sourceTree = "<group>";
		};
		02DEFD821FF560E100A890C4 /* Controller */ = {
			isa = PBXGroup;
			children = (
				02DEFD511FF55E9F00A890C4 /* MainMapViewController.swift */,
			);
			path = Controller;
			sourceTree = "<group>";
		};
		02DEFD851FF5A08600A890C4 /* APIKit */ = {
			isa = PBXGroup;
			children = (
				02DEFD861FF5A0A700A890C4 /* APIHandler.swift */,
			);
			path = APIKit;
			sourceTree = "<group>";
		};
		02DEFD881FF5AC4900A890C4 /* Other */ = {
			isa = PBXGroup;
			children = (
				02DEFD531FF55E9F00A890C4 /* Main.storyboard */,
				02DEFD5B1FF55E9F00A890C4 /* LaunchScreen.storyboard */,
			);
			path = Other;
			sourceTree = "<group>";
		};
		02DEFD891FF5B3A100A890C4 /* Model */ = {
			isa = PBXGroup;
			children = (
				02DEFD8A1FF5B3B400A890C4 /* WeatherData.swift */,
			);
			path = Model;
			sourceTree = "<group>";
		};
/* End PBXGroup section */

/* Begin PBXNativeTarget section */
		02DEFD4B1FF55E9F00A890C4 /* WeatherCheck */ = {
			isa = PBXNativeTarget;
			buildConfigurationList = 02DEFD771FF55E9F00A890C4 /* Build configuration list for PBXNativeTarget "WeatherCheck" */;
			buildPhases = (
				02DEFD481FF55E9F00A890C4 /* Sources */,
				02DEFD491FF55E9F00A890C4 /* Frameworks */,
				02DEFD4A1FF55E9F00A890C4 /* Resources */,
			);
			buildRules = (
			);
			dependencies = (
			);
			name = WeatherCheck;
			productName = WeatherCheck;
			productReference = 02DEFD4C1FF55E9F00A890C4 /* WeatherCheck.app */;
			productType = "com.apple.product-type.application";
		};
		02DEFD621FF55E9F00A890C4 /* WeatherCheckTests */ = {
			isa = PBXNativeTarget;
			buildConfigurationList = 02DEFD7A1FF55E9F00A890C4 /* Build configuration list for PBXNativeTarget "WeatherCheckTests" */;
			buildPhases = (
				02DEFD5F1FF55E9F00A890C4 /* Sources */,
				02DEFD601FF55E9F00A890C4 /* Frameworks */,
				02DEFD611FF55E9F00A890C4 /* Resources */,
			);
			buildRules = (
			);
			dependencies = (
				02DEFD651FF55E9F00A890C4 /* PBXTargetDependency */,
			);
			name = WeatherCheckTests;
			productName = WeatherCheckTests;
			productReference = 02DEFD631FF55E9F00A890C4 /* WeatherCheckTests.xctest */;
			productType = "com.apple.product-type.bundle.unit-test";
		};
		02DEFD6D1FF55E9F00A890C4 /* WeatherCheckUITests */ = {
			isa = PBXNativeTarget;
			buildConfigurationList = 02DEFD7D1FF55E9F00A890C4 /* Build configuration list for PBXNativeTarget "WeatherCheckUITests" */;
			buildPhases = (
				02DEFD6A1FF55E9F00A890C4 /* Sources */,
				02DEFD6B1FF55E9F00A890C4 /* Frameworks */,
				02DEFD6C1FF55E9F00A890C4 /* Resources */,
			);
			buildRules = (
			);
			dependencies = (
				02DEFD701FF55E9F00A890C4 /* PBXTargetDependency */,
			);
			name = WeatherCheckUITests;
			productName = WeatherCheckUITests;
			productReference = 02DEFD6E1FF55E9F00A890C4 /* WeatherCheckUITests.xctest */;
			productType = "com.apple.product-type.bundle.ui-testing";
		};
/* End PBXNativeTarget section */

/* Begin PBXProject section */
		02DEFD441FF55E9F00A890C4 /* Project object */ = {
			isa = PBXProject;
			attributes = {
				LastSwiftUpdateCheck = 0920;
				LastUpgradeCheck = 0930;
				ORGANIZATIONNAME = Chuanqi;
				TargetAttributes = {
					02DEFD4B1FF55E9F00A890C4 = {
						CreatedOnToolsVersion = 9.2;
						ProvisioningStyle = Automatic;
					};
					02DEFD621FF55E9F00A890C4 = {
						CreatedOnToolsVersion = 9.2;
						ProvisioningStyle = Automatic;
						TestTargetID = 02DEFD4B1FF55E9F00A890C4;
					};
					02DEFD6D1FF55E9F00A890C4 = {
						CreatedOnToolsVersion = 9.2;
						ProvisioningStyle = Automatic;
						TestTargetID = 02DEFD4B1FF55E9F00A890C4;
					};
				};
			};
			buildConfigurationList = 02DEFD471FF55E9F00A890C4 /* Build configuration list for PBXProject "WeatherCheck" */;
			compatibilityVersion = "Xcode 8.0";
			developmentRegion = en;
			hasScannedForEncodings = 0;
			knownRegions = (
				en,
				Base,
			);
			mainGroup = 02DEFD431FF55E9F00A890C4;
			productRefGroup = 02DEFD4D1FF55E9F00A890C4 /* Products */;
			projectDirPath = "";
			projectRoot = "";
			targets = (
				02DEFD4B1FF55E9F00A890C4 /* WeatherCheck */,
				02DEFD621FF55E9F00A890C4 /* WeatherCheckTests */,
				02DEFD6D1FF55E9F00A890C4 /* WeatherCheckUITests */,
			);
		};
/* End PBXProject section */

/* Begin PBXResourcesBuildPhase section */
		02DEFD4A1FF55E9F00A890C4 /* Resources */ = {
			isa = PBXResourcesBuildPhase;
			buildActionMask = 2147483647;
			files = (
				02DEFD5D1FF55E9F00A890C4 /* LaunchScreen.storyboard in Resources */,
				028131642068845700F6AA19 /* GoogleService-Info.plist in Resources */,
				02DEFD5A1FF55E9F00A890C4 /* Assets.xcassets in Resources */,
				02DEFD551FF55E9F00A890C4 /* Main.storyboard in Resources */,
			);
			runOnlyForDeploymentPostprocessing = 0;
		};
		02DEFD611FF55E9F00A890C4 /* Resources */ = {
			isa = PBXResourcesBuildPhase;
			buildActionMask = 2147483647;
			files = (
			);
			runOnlyForDeploymentPostprocessing = 0;
		};
		02DEFD6C1FF55E9F00A890C4 /* Resources */ = {
			isa = PBXResourcesBuildPhase;
			buildActionMask = 2147483647;
			files = (
			);
			runOnlyForDeploymentPostprocessing = 0;
		};
/* End PBXResourcesBuildPhase section */

/* Begin PBXSourcesBuildPhase section */
		02DEFD481FF55E9F00A890C4 /* Sources */ = {
			isa = PBXSourcesBuildPhase;
			buildActionMask = 2147483647;
			files = (
				028A164C1FFD93B500E0DBAC /* WeatherDetailTableViewCell.swift in Sources */,
				02DEFD521FF55E9F00A890C4 /* MainMapViewController.swift in Sources */,
				02DEFD8B1FF5B3B400A890C4 /* WeatherData.swift in Sources */,
				0278570B200E6687000BD59A /* HelpManager.swift in Sources */,
				02DEFD501FF55E9F00A890C4 /* AppDelegate.swift in Sources */,
				02DEFD871FF5A0A700A890C4 /* APIHandler.swift in Sources */,
				02FA5D882075911F002B511D /* Extensions.swift in Sources */,
			);
			runOnlyForDeploymentPostprocessing = 0;
		};
		02DEFD5F1FF55E9F00A890C4 /* Sources */ = {
			isa = PBXSourcesBuildPhase;
			buildActionMask = 2147483647;
			files = (
				02DEFD681FF55E9F00A890C4 /* WeatherCheckTests.swift in Sources */,
			);
			runOnlyForDeploymentPostprocessing = 0;
		};
		02DEFD6A1FF55E9F00A890C4 /* Sources */ = {
			isa = PBXSourcesBuildPhase;
			buildActionMask = 2147483647;
			files = (
				02DEFD731FF55E9F00A890C4 /* WeatherCheckUITests.swift in Sources */,
			);
			runOnlyForDeploymentPostprocessing = 0;
		};
/* End PBXSourcesBuildPhase section */

/* Begin PBXTargetDependency section */
		02DEFD651FF55E9F00A890C4 /* PBXTargetDependency */ = {
			isa = PBXTargetDependency;
			target = 02DEFD4B1FF55E9F00A890C4 /* WeatherCheck */;
			targetProxy = 02DEFD641FF55E9F00A890C4 /* PBXContainerItemProxy */;
		};
		02DEFD701FF55E9F00A890C4 /* PBXTargetDependency */ = {
			isa = PBXTargetDependency;
			target = 02DEFD4B1FF55E9F00A890C4 /* WeatherCheck */;
			targetProxy = 02DEFD6F1FF55E9F00A890C4 /* PBXContainerItemProxy */;
		};
/* End PBXTargetDependency section */

/* Begin PBXVariantGroup section */
		02DEFD531FF55E9F00A890C4 /* Main.storyboard */ = {
			isa = PBXVariantGroup;
			children = (
				02DEFD541FF55E9F00A890C4 /* Base */,
			);
			name = Main.storyboard;
			sourceTree = "<group>";
		};
		02DEFD5B1FF55E9F00A890C4 /* LaunchScreen.storyboard */ = {
			isa = PBXVariantGroup;
			children = (
				02DEFD5C1FF55E9F00A890C4 /* Base */,
			);
			name = LaunchScreen.storyboard;
			sourceTree = "<group>";
		};
/* End PBXVariantGroup section */

/* Begin XCBuildConfiguration section */
		02DEFD751FF55E9F00A890C4 /* Debug */ = {
			isa = XCBuildConfiguration;
			buildSettings = {
				ALWAYS_SEARCH_USER_PATHS = NO;
				CLANG_ANALYZER_NONNULL = YES;
				CLANG_ANALYZER_NUMBER_OBJECT_CONVERSION = YES_AGGRESSIVE;
				CLANG_CXX_LANGUAGE_STANDARD = "gnu++14";
				CLANG_CXX_LIBRARY = "libc++";
				CLANG_ENABLE_MODULES = YES;
				CLANG_ENABLE_OBJC_ARC = YES;
				CLANG_WARN_BLOCK_CAPTURE_AUTORELEASING = YES;
				CLANG_WARN_BOOL_CONVERSION = YES;
				CLANG_WARN_COMMA = YES;
				CLANG_WARN_CONSTANT_CONVERSION = YES;
				CLANG_WARN_DEPRECATED_OBJC_IMPLEMENTATIONS = YES;
				CLANG_WARN_DIRECT_OBJC_ISA_USAGE = YES_ERROR;
				CLANG_WARN_DOCUMENTATION_COMMENTS = YES;
				CLANG_WARN_EMPTY_BODY = YES;
				CLANG_WARN_ENUM_CONVERSION = YES;
				CLANG_WARN_INFINITE_RECURSION = YES;
				CLANG_WARN_INT_CONVERSION = YES;
				CLANG_WARN_NON_LITERAL_NULL_CONVERSION = YES;
				CLANG_WARN_OBJC_IMPLICIT_RETAIN_SELF = YES;
				CLANG_WARN_OBJC_LITERAL_CONVERSION = YES;
				CLANG_WARN_OBJC_ROOT_CLASS = YES_ERROR;
				CLANG_WARN_RANGE_LOOP_ANALYSIS = YES;
				CLANG_WARN_STRICT_PROTOTYPES = YES;
				CLANG_WARN_SUSPICIOUS_MOVE = YES;
				CLANG_WARN_UNGUARDED_AVAILABILITY = YES_AGGRESSIVE;
				CLANG_WARN_UNREACHABLE_CODE = YES;
				CLANG_WARN__DUPLICATE_METHOD_MATCH = YES;
				CODE_SIGN_IDENTITY = "iPhone Developer";
				COPY_PHASE_STRIP = NO;
				DEBUG_INFORMATION_FORMAT = dwarf;
				ENABLE_STRICT_OBJC_MSGSEND = YES;
				ENABLE_TESTABILITY = YES;
				GCC_C_LANGUAGE_STANDARD = gnu11;
				GCC_DYNAMIC_NO_PIC = NO;
				GCC_NO_COMMON_BLOCKS = YES;
				GCC_OPTIMIZATION_LEVEL = 0;
				GCC_PREPROCESSOR_DEFINITIONS = (
					"DEBUG=1",
					"$(inherited)",
				);
				GCC_WARN_64_TO_32_BIT_CONVERSION = YES;
				GCC_WARN_ABOUT_RETURN_TYPE = YES_ERROR;
				GCC_WARN_UNDECLARED_SELECTOR = YES;
				GCC_WARN_UNINITIALIZED_AUTOS = YES_AGGRESSIVE;
				GCC_WARN_UNUSED_FUNCTION = YES;
				GCC_WARN_UNUSED_VARIABLE = YES;
				IPHONEOS_DEPLOYMENT_TARGET = 11.2;
				MTL_ENABLE_DEBUG_INFO = YES;
				ONLY_ACTIVE_ARCH = YES;
				SDKROOT = iphoneos;
				SWIFT_ACTIVE_COMPILATION_CONDITIONS = DEBUG;
				SWIFT_OPTIMIZATION_LEVEL = "-Onone";
			};
			name = Debug;
		};
		02DEFD761FF55E9F00A890C4 /* Release */ = {
			isa = XCBuildConfiguration;
			buildSettings = {
				ALWAYS_SEARCH_USER_PATHS = NO;
				CLANG_ANALYZER_NONNULL = YES;
				CLANG_ANALYZER_NUMBER_OBJECT_CONVERSION = YES_AGGRESSIVE;
				CLANG_CXX_LANGUAGE_STANDARD = "gnu++14";
				CLANG_CXX_LIBRARY = "libc++";
				CLANG_ENABLE_MODULES = YES;
				CLANG_ENABLE_OBJC_ARC = YES;
				CLANG_WARN_BLOCK_CAPTURE_AUTORELEASING = YES;
				CLANG_WARN_BOOL_CONVERSION = YES;
				CLANG_WARN_COMMA = YES;
				CLANG_WARN_CONSTANT_CONVERSION = YES;
				CLANG_WARN_DEPRECATED_OBJC_IMPLEMENTATIONS = YES;
				CLANG_WARN_DIRECT_OBJC_ISA_USAGE = YES_ERROR;
				CLANG_WARN_DOCUMENTATION_COMMENTS = YES;
				CLANG_WARN_EMPTY_BODY = YES;
				CLANG_WARN_ENUM_CONVERSION = YES;
				CLANG_WARN_INFINITE_RECURSION = YES;
				CLANG_WARN_INT_CONVERSION = YES;
				CLANG_WARN_NON_LITERAL_NULL_CONVERSION = YES;
				CLANG_WARN_OBJC_IMPLICIT_RETAIN_SELF = YES;
				CLANG_WARN_OBJC_LITERAL_CONVERSION = YES;
				CLANG_WARN_OBJC_ROOT_CLASS = YES_ERROR;
				CLANG_WARN_RANGE_LOOP_ANALYSIS = YES;
				CLANG_WARN_STRICT_PROTOTYPES = YES;
				CLANG_WARN_SUSPICIOUS_MOVE = YES;
				CLANG_WARN_UNGUARDED_AVAILABILITY = YES_AGGRESSIVE;
				CLANG_WARN_UNREACHABLE_CODE = YES;
				CLANG_WARN__DUPLICATE_METHOD_MATCH = YES;
				CODE_SIGN_IDENTITY = "iPhone Developer";
				COPY_PHASE_STRIP = NO;
				DEBUG_INFORMATION_FORMAT = "dwarf-with-dsym";
				ENABLE_NS_ASSERTIONS = NO;
				ENABLE_STRICT_OBJC_MSGSEND = YES;
				GCC_C_LANGUAGE_STANDARD = gnu11;
				GCC_NO_COMMON_BLOCKS = YES;
				GCC_WARN_64_TO_32_BIT_CONVERSION = YES;
				GCC_WARN_ABOUT_RETURN_TYPE = YES_ERROR;
				GCC_WARN_UNDECLARED_SELECTOR = YES;
				GCC_WARN_UNINITIALIZED_AUTOS = YES_AGGRESSIVE;
				GCC_WARN_UNUSED_FUNCTION = YES;
				GCC_WARN_UNUSED_VARIABLE = YES;
				IPHONEOS_DEPLOYMENT_TARGET = 11.2;
				MTL_ENABLE_DEBUG_INFO = NO;
				SDKROOT = iphoneos;
				SWIFT_OPTIMIZATION_LEVEL = "-Owholemodule";
				VALIDATE_PRODUCT = YES;
			};
			name = Release;
		};
		02DEFD781FF55E9F00A890C4 /* Debug */ = {
			isa = XCBuildConfiguration;
			buildSettings = {
				ASSETCATALOG_COMPILER_APPICON_NAME = AppIcon;
				CODE_SIGN_STYLE = Automatic;
				DEVELOPMENT_TEAM = B393TV96RA;
				INFOPLIST_FILE = WeatherCheck/Info.plist;
				LD_RUNPATH_SEARCH_PATHS = "$(inherited) @executable_path/Frameworks";
				OTHER_LDFLAGS = (
					"$(inherited)",
					"-ObjC",
					"-l\"c++\"",
					"-l\"sqlite3\"",
					"-l\"z\"",
					"-framework",
					"\"Accelerate\"",
					"-framework",
					"\"CoreGraphics\"",
					"-framework",
					"\"CoreLocation\"",
					"-framework",
					"\"CoreTelephony\"",
					"-framework",
					"\"CoreText\"",
					"-framework",
					"\"FirebaseAnalytics\"",
					"-framework",
					"\"FirebaseCore\"",
					"-framework",
					"\"FirebaseCoreDiagnostics\"",
					"-framework",
					"\"FirebaseInstanceID\"",
					"-framework",
					"\"FirebaseNanoPB\"",
					"-framework",
					"\"GLKit\"",
					"-framework",
					"\"GoogleMaps\"",
					"-framework",
					"\"GoogleMapsBase\"",
					"-framework",
					"\"GoogleMapsCore\"",
					"-framework",
					"\"GooglePlacePicker\"",
					"-framework",
					"\"GooglePlaces\"",
					"-framework",
					"\"GoogleToolboxForMac\"",
					"-framework",
					"\"ImageIO\"",
					"-framework",
					"\"OpenGLES\"",
					"-framework",
					"\"QuartzCore\"",
					"-framework",
					"\"StoreKit\"",
					"-framework",
					"\"SystemConfiguration\"",
					"-framework",
					"\"UIKit\"",
					"-framework",
					"\"nanopb\"",
				);
				PRODUCT_BUNDLE_IDENTIFIER = com.weathercheck1.ios;
				PRODUCT_NAME = "$(TARGET_NAME)";
				SWIFT_VERSION = 4.0;
				TARGETED_DEVICE_FAMILY = "1,2";
			};
			name = Debug;
		};
		02DEFD791FF55E9F00A890C4 /* Release */ = {
			isa = XCBuildConfiguration;
			buildSettings = {
				ASSETCATALOG_COMPILER_APPICON_NAME = AppIcon;
				CODE_SIGN_STYLE = Automatic;
				DEVELOPMENT_TEAM = B393TV96RA;
				INFOPLIST_FILE = WeatherCheck/Info.plist;
				LD_RUNPATH_SEARCH_PATHS = "$(inherited) @executable_path/Frameworks";
				OTHER_LDFLAGS = (
					"$(inherited)",
					"-ObjC",
					"-l\"c++\"",
					"-l\"sqlite3\"",
					"-l\"z\"",
					"-framework",
					"\"Accelerate\"",
					"-framework",
					"\"CoreGraphics\"",
					"-framework",
					"\"CoreLocation\"",
					"-framework",
					"\"CoreTelephony\"",
					"-framework",
					"\"CoreText\"",
					"-framework",
					"\"FirebaseAnalytics\"",
					"-framework",
					"\"FirebaseCore\"",
					"-framework",
					"\"FirebaseCoreDiagnostics\"",
					"-framework",
					"\"FirebaseInstanceID\"",
					"-framework",
					"\"FirebaseNanoPB\"",
					"-framework",
					"\"GLKit\"",
					"-framework",
					"\"GoogleMaps\"",
					"-framework",
					"\"GoogleMapsBase\"",
					"-framework",
					"\"GoogleMapsCore\"",
					"-framework",
					"\"GooglePlacePicker\"",
					"-framework",
					"\"GooglePlaces\"",
					"-framework",
					"\"GoogleToolboxForMac\"",
					"-framework",
					"\"ImageIO\"",
					"-framework",
					"\"OpenGLES\"",
					"-framework",
					"\"QuartzCore\"",
					"-framework",
					"\"StoreKit\"",
					"-framework",
					"\"SystemConfiguration\"",
					"-framework",
					"\"UIKit\"",
					"-framework",
					"\"nanopb\"",
				);
				PRODUCT_BUNDLE_IDENTIFIER = com.weathercheck1.ios;
				PRODUCT_NAME = "$(TARGET_NAME)";
				SWIFT_VERSION = 4.0;
				TARGETED_DEVICE_FAMILY = "1,2";
			};
			name = Release;
		};
		02DEFD7B1FF55E9F00A890C4 /* Debug */ = {
			isa = XCBuildConfiguration;
			buildSettings = {
				ALWAYS_EMBED_SWIFT_STANDARD_LIBRARIES = YES;
				BUNDLE_LOADER = "$(TEST_HOST)";
				CODE_SIGN_STYLE = Automatic;
				INFOPLIST_FILE = WeatherCheckTests/Info.plist;
				LD_RUNPATH_SEARCH_PATHS = "$(inherited) @executable_path/Frameworks @loader_path/Frameworks";
				PRODUCT_BUNDLE_IDENTIFIER = a.WeatherCheckTests;
				PRODUCT_NAME = "$(TARGET_NAME)";
				SWIFT_VERSION = 4.0;
				TARGETED_DEVICE_FAMILY = "1,2";
				TEST_HOST = "$(BUILT_PRODUCTS_DIR)/WeatherCheck.app/WeatherCheck";
			};
			name = Debug;
		};
		02DEFD7C1FF55E9F00A890C4 /* Release */ = {
			isa = XCBuildConfiguration;
			buildSettings = {
				ALWAYS_EMBED_SWIFT_STANDARD_LIBRARIES = YES;
				BUNDLE_LOADER = "$(TEST_HOST)";
				CODE_SIGN_STYLE = Automatic;
				INFOPLIST_FILE = WeatherCheckTests/Info.plist;
				LD_RUNPATH_SEARCH_PATHS = "$(inherited) @executable_path/Frameworks @loader_path/Frameworks";
				PRODUCT_BUNDLE_IDENTIFIER = a.WeatherCheckTests;
				PRODUCT_NAME = "$(TARGET_NAME)";
				SWIFT_VERSION = 4.0;
				TARGETED_DEVICE_FAMILY = "1,2";
				TEST_HOST = "$(BUILT_PRODUCTS_DIR)/WeatherCheck.app/WeatherCheck";
			};
			name = Release;
		};
		02DEFD7E1FF55E9F00A890C4 /* Debug */ = {
			isa = XCBuildConfiguration;
			buildSettings = {
				ALWAYS_EMBED_SWIFT_STANDARD_LIBRARIES = YES;
				CODE_SIGN_STYLE = Automatic;
				INFOPLIST_FILE = WeatherCheckUITests/Info.plist;
				LD_RUNPATH_SEARCH_PATHS = "$(inherited) @executable_path/Frameworks @loader_path/Frameworks";
				PRODUCT_BUNDLE_IDENTIFIER = a.WeatherCheckUITests;
				PRODUCT_NAME = "$(TARGET_NAME)";
				SWIFT_VERSION = 4.0;
				TARGETED_DEVICE_FAMILY = "1,2";
				TEST_TARGET_NAME = WeatherCheck;
			};
			name = Debug;
		};
		02DEFD7F1FF55E9F00A890C4 /* Release */ = {
			isa = XCBuildConfiguration;
			buildSettings = {
				ALWAYS_EMBED_SWIFT_STANDARD_LIBRARIES = YES;
				CODE_SIGN_STYLE = Automatic;
				INFOPLIST_FILE = WeatherCheckUITests/Info.plist;
				LD_RUNPATH_SEARCH_PATHS = "$(inherited) @executable_path/Frameworks @loader_path/Frameworks";
				PRODUCT_BUNDLE_IDENTIFIER = a.WeatherCheckUITests;
				PRODUCT_NAME = "$(TARGET_NAME)";
				SWIFT_VERSION = 4.0;
				TARGETED_DEVICE_FAMILY = "1,2";
				TEST_TARGET_NAME = WeatherCheck;
			};
			name = Release;
		};
/* End XCBuildConfiguration section */

/* Begin XCConfigurationList section */
		02DEFD471FF55E9F00A890C4 /* Build configuration list for PBXProject "WeatherCheck" */ = {
			isa = XCConfigurationList;
			buildConfigurations = (
				02DEFD751FF55E9F00A890C4 /* Debug */,
				02DEFD761FF55E9F00A890C4 /* Release */,
			);
			defaultConfigurationIsVisible = 0;
			defaultConfigurationName = Release;
		};
		02DEFD771FF55E9F00A890C4 /* Build configuration list for PBXNativeTarget "WeatherCheck" */ = {
			isa = XCConfigurationList;
			buildConfigurations = (
				02DEFD781FF55E9F00A890C4 /* Debug */,
				02DEFD791FF55E9F00A890C4 /* Release */,
			);
			defaultConfigurationIsVisible = 0;
			defaultConfigurationName = Release;
		};
		02DEFD7A1FF55E9F00A890C4 /* Build configuration list for PBXNativeTarget "WeatherCheckTests" */ = {
			isa = XCConfigurationList;
			buildConfigurations = (
				02DEFD7B1FF55E9F00A890C4 /* Debug */,
				02DEFD7C1FF55E9F00A890C4 /* Release */,
			);
			defaultConfigurationIsVisible = 0;
			defaultConfigurationName = Release;
		};
		02DEFD7D1FF55E9F00A890C4 /* Build configuration list for PBXNativeTarget "WeatherCheckUITests" */ = {
			isa = XCConfigurationList;
			buildConfigurations = (
				02DEFD7E1FF55E9F00A890C4 /* Debug */,
				02DEFD7F1FF55E9F00A890C4 /* Release */,
			);
			defaultConfigurationIsVisible = 0;
			defaultConfigurationName = Release;
		};
/* End XCConfigurationList section */
	};
	rootObject = 02DEFD441FF55E9F00A890C4 /* Project object */;
}
